// !$*UTF8*$!
{
	archiveVersion = 1;
	classes = {
	};
	objectVersion = 56;
	objects = {

/* Begin PBXBuildFile section */
		FA03DB8329A3E3FB007DEBDF /* BTTableViewCell.swift in Sources */ = {isa = PBXBuildFile; fileRef = FA03DB8229A3E3FB007DEBDF /* BTTableViewCell.swift */; };
		FA03DB8529A3E79A007DEBDF /* BTPresenter.swift in Sources */ = {isa = PBXBuildFile; fileRef = FA03DB8429A3E79A007DEBDF /* BTPresenter.swift */; };
		FA03DB8729A3E7B3007DEBDF /* BTPresenterOutput.swift in Sources */ = {isa = PBXBuildFile; fileRef = FA03DB8629A3E7B3007DEBDF /* BTPresenterOutput.swift */; };
		FA03DB8929A3E7C7007DEBDF /* BTPresenterInput.swift in Sources */ = {isa = PBXBuildFile; fileRef = FA03DB8829A3E7C7007DEBDF /* BTPresenterInput.swift */; };
		FA03DB8C29A3EA05007DEBDF /* Assembly.swift in Sources */ = {isa = PBXBuildFile; fileRef = FA03DB8B29A3EA05007DEBDF /* Assembly.swift */; };
		FA03DB8F29A40463007DEBDF /* BLEManager.swift in Sources */ = {isa = PBXBuildFile; fileRef = FA03DB8E29A40463007DEBDF /* BLEManager.swift */; };
		FA03DB9129A52D71007DEBDF /* BTDisplayPeripheral.swift in Sources */ = {isa = PBXBuildFile; fileRef = FA03DB9029A52D70007DEBDF /* BTDisplayPeripheral.swift */; };
		FA03DB9529A64422007DEBDF /* BTObserver.swift in Sources */ = {isa = PBXBuildFile; fileRef = FA03DB9429A64422007DEBDF /* BTObserver.swift */; };
		FA6386E8299F9EE200A0A06F /* AppDelegate.swift in Sources */ = {isa = PBXBuildFile; fileRef = FA6386E7299F9EE200A0A06F /* AppDelegate.swift */; };
		FA6386EA299F9EE200A0A06F /* SceneDelegate.swift in Sources */ = {isa = PBXBuildFile; fileRef = FA6386E9299F9EE200A0A06F /* SceneDelegate.swift */; };
		FA6386EC299F9EE200A0A06F /* BTPeriferalTableViewController.swift in Sources */ = {isa = PBXBuildFile; fileRef = FA6386EB299F9EE200A0A06F /* BTPeriferalTableViewController.swift */; };
		FA6386F1299F9EE400A0A06F /* Assets.xcassets in Resources */ = {isa = PBXBuildFile; fileRef = FA6386F0299F9EE400A0A06F /* Assets.xcassets */; };
		FA6386F4299F9EE400A0A06F /* LaunchScreen.storyboard in Resources */ = {isa = PBXBuildFile; fileRef = FA6386F2299F9EE400A0A06F /* LaunchScreen.storyboard */; };
/* End PBXBuildFile section */

/* Begin PBXFileReference section */
		FA03DB8229A3E3FB007DEBDF /* BTTableViewCell.swift */ = {isa = PBXFileReference; lastKnownFileType = sourcecode.swift; path = BTTableViewCell.swift; sourceTree = "<group>"; };
		FA03DB8429A3E79A007DEBDF /* BTPresenter.swift */ = {isa = PBXFileReference; lastKnownFileType = sourcecode.swift; path = BTPresenter.swift; sourceTree = "<group>"; };
		FA03DB8629A3E7B3007DEBDF /* BTPresenterOutput.swift */ = {isa = PBXFileReference; lastKnownFileType = sourcecode.swift; path = BTPresenterOutput.swift; sourceTree = "<group>"; };
		FA03DB8829A3E7C7007DEBDF /* BTPresenterInput.swift */ = {isa = PBXFileReference; lastKnownFileType = sourcecode.swift; path = BTPresenterInput.swift; sourceTree = "<group>"; };
		FA03DB8B29A3EA05007DEBDF /* Assembly.swift */ = {isa = PBXFileReference; lastKnownFileType = sourcecode.swift; path = Assembly.swift; sourceTree = "<group>"; };
		FA03DB8E29A40463007DEBDF /* BLEManager.swift */ = {isa = PBXFileReference; lastKnownFileType = sourcecode.swift; path = BLEManager.swift; sourceTree = "<group>"; };
		FA03DB9029A52D70007DEBDF /* BTDisplayPeripheral.swift */ = {isa = PBXFileReference; lastKnownFileType = sourcecode.swift; path = BTDisplayPeripheral.swift; sourceTree = "<group>"; };
		FA03DB9429A64422007DEBDF /* BTObserver.swift */ = {isa = PBXFileReference; lastKnownFileType = sourcecode.swift; path = BTObserver.swift; sourceTree = "<group>"; };
		FA6386E4299F9EE200A0A06F /* ble_test_app.app */ = {isa = PBXFileReference; explicitFileType = wrapper.application; includeInIndex = 0; path = ble_test_app.app; sourceTree = BUILT_PRODUCTS_DIR; };
		FA6386E7299F9EE200A0A06F /* AppDelegate.swift */ = {isa = PBXFileReference; lastKnownFileType = sourcecode.swift; path = AppDelegate.swift; sourceTree = "<group>"; };
		FA6386E9299F9EE200A0A06F /* SceneDelegate.swift */ = {isa = PBXFileReference; lastKnownFileType = sourcecode.swift; path = SceneDelegate.swift; sourceTree = "<group>"; };
		FA6386EB299F9EE200A0A06F /* BTPeriferalTableViewController.swift */ = {isa = PBXFileReference; lastKnownFileType = sourcecode.swift; path = BTPeriferalTableViewController.swift; sourceTree = "<group>"; };
		FA6386F0299F9EE400A0A06F /* Assets.xcassets */ = {isa = PBXFileReference; lastKnownFileType = folder.assetcatalog; path = Assets.xcassets; sourceTree = "<group>"; };
		FA6386F3299F9EE400A0A06F /* Base */ = {isa = PBXFileReference; lastKnownFileType = file.storyboard; name = Base; path = Base.lproj/LaunchScreen.storyboard; sourceTree = "<group>"; };
		FA6386F5299F9EE400A0A06F /* Info.plist */ = {isa = PBXFileReference; lastKnownFileType = text.plist.xml; path = Info.plist; sourceTree = "<group>"; };
/* End PBXFileReference section */

/* Begin PBXFrameworksBuildPhase section */
		FA6386E1299F9EE200A0A06F /* Frameworks */ = {
			isa = PBXFrameworksBuildPhase;
			buildActionMask = 2147483647;
			files = (
			);
			runOnlyForDeploymentPostprocessing = 0;
		};
/* End PBXFrameworksBuildPhase section */

/* Begin PBXGroup section */
		FA03DB8029A3E3BD007DEBDF /* Views */ = {
			isa = PBXGroup;
			children = (
				FA03DB8129A3E3C9007DEBDF /* BTViewCell */,
				FA6386EB299F9EE200A0A06F /* BTPeriferalTableViewController.swift */,
			);
			path = Views;
			sourceTree = "<group>";
		};
		FA03DB8129A3E3C9007DEBDF /* BTViewCell */ = {
			isa = PBXGroup;
			children = (
				FA03DB8229A3E3FB007DEBDF /* BTTableViewCell.swift */,
			);
			path = BTViewCell;
			sourceTree = "<group>";
		};
		FA03DB8A29A3E7CC007DEBDF /* BTPresenter */ = {
			isa = PBXGroup;
			children = (
				FA03DB8429A3E79A007DEBDF /* BTPresenter.swift */,
				FA03DB8629A3E7B3007DEBDF /* BTPresenterOutput.swift */,
				FA03DB8829A3E7C7007DEBDF /* BTPresenterInput.swift */,
			);
			path = BTPresenter;
			sourceTree = "<group>";
		};
		FA03DB8D29A40453007DEBDF /* Model */ = {
			isa = PBXGroup;
			children = (
				FA03DB8E29A40463007DEBDF /* BLEManager.swift */,
				FA03DB9029A52D70007DEBDF /* BTDisplayPeripheral.swift */,
			);
			path = Model;
			sourceTree = "<group>";
		};
		FA03DB9629A644EE007DEBDF /* Patterns */ = {
			isa = PBXGroup;
			children = (
				FA03DB9429A64422007DEBDF /* BTObserver.swift */,
			);
			path = Patterns;
			sourceTree = "<group>";
		};
		FA6386DB299F9EE200A0A06F = {
			isa = PBXGroup;
			children = (
				FA6386E6299F9EE200A0A06F /* ble_test_app */,
				FA6386E5299F9EE200A0A06F /* Products */,
			);
			sourceTree = "<group>";
		};
		FA6386E5299F9EE200A0A06F /* Products */ = {
			isa = PBXGroup;
			children = (
				FA6386E4299F9EE200A0A06F /* ble_test_app.app */,
			);
			name = Products;
			sourceTree = "<group>";
		};
		FA6386E6299F9EE200A0A06F /* ble_test_app */ = {
			isa = PBXGroup;
			children = (
				FA03DB9629A644EE007DEBDF /* Patterns */,
				FA03DB8D29A40453007DEBDF /* Model */,
				FA03DB8A29A3E7CC007DEBDF /* BTPresenter */,
				FA6386FB299F9EF200A0A06F /* Support */,
				FA03DB8029A3E3BD007DEBDF /* Views */,
			);
			path = ble_test_app;
			sourceTree = "<group>";
		};
		FA6386FB299F9EF200A0A06F /* Support */ = {
			isa = PBXGroup;
			children = (
				FA6386E7299F9EE200A0A06F /* AppDelegate.swift */,
				FA6386E9299F9EE200A0A06F /* SceneDelegate.swift */,
				FA6386F0299F9EE400A0A06F /* Assets.xcassets */,
				FA6386F2299F9EE400A0A06F /* LaunchScreen.storyboard */,
				FA6386F5299F9EE400A0A06F /* Info.plist */,
				FA03DB8B29A3EA05007DEBDF /* Assembly.swift */,
			);
			path = Support;
			sourceTree = "<group>";
		};
/* End PBXGroup section */

/* Begin PBXNativeTarget section */
		FA6386E3299F9EE200A0A06F /* ble_test_app */ = {
			isa = PBXNativeTarget;
			buildConfigurationList = FA6386F8299F9EE400A0A06F /* Build configuration list for PBXNativeTarget "ble_test_app" */;
			buildPhases = (
				FA6386E0299F9EE200A0A06F /* Sources */,
				FA6386E1299F9EE200A0A06F /* Frameworks */,
				FA6386E2299F9EE200A0A06F /* Resources */,
			);
			buildRules = (
			);
			dependencies = (
			);
			name = ble_test_app;
			productName = ble_test_app;
			productReference = FA6386E4299F9EE200A0A06F /* ble_test_app.app */;
			productType = "com.apple.product-type.application";
		};
/* End PBXNativeTarget section */

/* Begin PBXProject section */
		FA6386DC299F9EE200A0A06F /* Project object */ = {
			isa = PBXProject;
			attributes = {
				BuildIndependentTargetsInParallel = 1;
				LastSwiftUpdateCheck = 1400;
				LastUpgradeCheck = 1400;
				TargetAttributes = {
					FA6386E3299F9EE200A0A06F = {
						CreatedOnToolsVersion = 14.0.1;
					};
				};
			};
			buildConfigurationList = FA6386DF299F9EE200A0A06F /* Build configuration list for PBXProject "ble_test_app" */;
			compatibilityVersion = "Xcode 14.0";
			developmentRegion = en;
			hasScannedForEncodings = 0;
			knownRegions = (
				en,
				Base,
			);
			mainGroup = FA6386DB299F9EE200A0A06F;
			productRefGroup = FA6386E5299F9EE200A0A06F /* Products */;
			projectDirPath = "";
			projectRoot = "";
			targets = (
				FA6386E3299F9EE200A0A06F /* ble_test_app */,
			);
		};
/* End PBXProject section */

/* Begin PBXResourcesBuildPhase section */
		FA6386E2299F9EE200A0A06F /* Resources */ = {
			isa = PBXResourcesBuildPhase;
			buildActionMask = 2147483647;
			files = (
				FA6386F4299F9EE400A0A06F /* LaunchScreen.storyboard in Resources */,
				FA6386F1299F9EE400A0A06F /* Assets.xcassets in Resources */,
			);
			runOnlyForDeploymentPostprocessing = 0;
		};
/* End PBXResourcesBuildPhase section */

/* Begin PBXSourcesBuildPhase section */
		FA6386E0299F9EE200A0A06F /* Sources */ = {
			isa = PBXSourcesBuildPhase;
			buildActionMask = 2147483647;
			files = (
				FA03DB9529A64422007DEBDF /* BTObserver.swift in Sources */,
				FA6386EC299F9EE200A0A06F /* BTPeriferalTableViewController.swift in Sources */,
				FA03DB8C29A3EA05007DEBDF /* Assembly.swift in Sources */,
				FA03DB9129A52D71007DEBDF /* BTDisplayPeripheral.swift in Sources */,
				FA03DB8329A3E3FB007DEBDF /* BTTableViewCell.swift in Sources */,
				FA03DB8929A3E7C7007DEBDF /* BTPresenterInput.swift in Sources */,
				FA6386E8299F9EE200A0A06F /* AppDelegate.swift in Sources */,
				FA03DB8729A3E7B3007DEBDF /* BTPresenterOutput.swift in Sources */,
				FA6386EA299F9EE200A0A06F /* SceneDelegate.swift in Sources */,
				FA03DB8F29A40463007DEBDF /* BLEManager.swift in Sources */,
				FA03DB8529A3E79A007DEBDF /* BTPresenter.swift in Sources */,
			);
			runOnlyForDeploymentPostprocessing = 0;
		};
/* End PBXSourcesBuildPhase section */

/* Begin PBXVariantGroup section */
		FA6386F2299F9EE400A0A06F /* LaunchScreen.storyboard */ = {
			isa = PBXVariantGroup;
			children = (
				FA6386F3299F9EE400A0A06F /* Base */,
			);
			name = LaunchScreen.storyboard;
			sourceTree = "<group>";
		};
/* End PBXVariantGroup section */

/* Begin XCBuildConfiguration section */
		FA6386F6299F9EE400A0A06F /* Debug */ = {
			isa = XCBuildConfiguration;
			buildSettings = {
				ALWAYS_SEARCH_USER_PATHS = NO;
				CLANG_ANALYZER_NONNULL = YES;
				CLANG_ANALYZER_NUMBER_OBJECT_CONVERSION = YES_AGGRESSIVE;
				CLANG_CXX_LANGUAGE_STANDARD = "gnu++20";
				CLANG_ENABLE_MODULES = YES;
				CLANG_ENABLE_OBJC_ARC = YES;
				CLANG_ENABLE_OBJC_WEAK = YES;
				CLANG_WARN_BLOCK_CAPTURE_AUTORELEASING = YES;
				CLANG_WARN_BOOL_CONVERSION = YES;
				CLANG_WARN_COMMA = YES;
				CLANG_WARN_CONSTANT_CONVERSION = YES;
				CLANG_WARN_DEPRECATED_OBJC_IMPLEMENTATIONS = YES;
				CLANG_WARN_DIRECT_OBJC_ISA_USAGE = YES_ERROR;
				CLANG_WARN_DOCUMENTATION_COMMENTS = YES;
				CLANG_WARN_EMPTY_BODY = YES;
				CLANG_WARN_ENUM_CONVERSION = YES;
				CLANG_WARN_INFINITE_RECURSION = YES;
				CLANG_WARN_INT_CONVERSION = YES;
				CLANG_WARN_NON_LITERAL_NULL_CONVERSION = YES;
				CLANG_WARN_OBJC_IMPLICIT_RETAIN_SELF = YES;
				CLANG_WARN_OBJC_LITERAL_CONVERSION = YES;
				CLANG_WARN_OBJC_ROOT_CLASS = YES_ERROR;
				CLANG_WARN_QUOTED_INCLUDE_IN_FRAMEWORK_HEADER = YES;
				CLANG_WARN_RANGE_LOOP_ANALYSIS = YES;
				CLANG_WARN_STRICT_PROTOTYPES = YES;
				CLANG_WARN_SUSPICIOUS_MOVE = YES;
				CLANG_WARN_UNGUARDED_AVAILABILITY = YES_AGGRESSIVE;
				CLANG_WARN_UNREACHABLE_CODE = YES;
				CLANG_WARN__DUPLICATE_METHOD_MATCH = YES;
				COPY_PHASE_STRIP = NO;
				DEBUG_INFORMATION_FORMAT = dwarf;
				ENABLE_STRICT_OBJC_MSGSEND = YES;
				ENABLE_TESTABILITY = YES;
				GCC_C_LANGUAGE_STANDARD = gnu11;
				GCC_DYNAMIC_NO_PIC = NO;
				GCC_NO_COMMON_BLOCKS = YES;
				GCC_OPTIMIZATION_LEVEL = 0;
				GCC_PREPROCESSOR_DEFINITIONS = (
					"DEBUG=1",
					"$(inherited)",
				);
				GCC_WARN_64_TO_32_BIT_CONVERSION = YES;
				GCC_WARN_ABOUT_RETURN_TYPE = YES_ERROR;
				GCC_WARN_UNDECLARED_SELECTOR = YES;
				GCC_WARN_UNINITIALIZED_AUTOS = YES_AGGRESSIVE;
				GCC_WARN_UNUSED_FUNCTION = YES;
				GCC_WARN_UNUSED_VARIABLE = YES;
				IPHONEOS_DEPLOYMENT_TARGET = 16.0;
				MTL_ENABLE_DEBUG_INFO = INCLUDE_SOURCE;
				MTL_FAST_MATH = YES;
				ONLY_ACTIVE_ARCH = YES;
				SDKROOT = iphoneos;
				SWIFT_ACTIVE_COMPILATION_CONDITIONS = DEBUG;
				SWIFT_OPTIMIZATION_LEVEL = "-Onone";
			};
			name = Debug;
		};
		FA6386F7299F9EE400A0A06F /* Release */ = {
			isa = XCBuildConfiguration;
			buildSettings = {
				ALWAYS_SEARCH_USER_PATHS = NO;
				CLANG_ANALYZER_NONNULL = YES;
				CLANG_ANALYZER_NUMBER_OBJECT_CONVERSION = YES_AGGRESSIVE;
				CLANG_CXX_LANGUAGE_STANDARD = "gnu++20";
				CLANG_ENABLE_MODULES = YES;
				CLANG_ENABLE_OBJC_ARC = YES;
				CLANG_ENABLE_OBJC_WEAK = YES;
				CLANG_WARN_BLOCK_CAPTURE_AUTORELEASING = YES;
				CLANG_WARN_BOOL_CONVERSION = YES;
				CLANG_WARN_COMMA = YES;
				CLANG_WARN_CONSTANT_CONVERSION = YES;
				CLANG_WARN_DEPRECATED_OBJC_IMPLEMENTATIONS = YES;
				CLANG_WARN_DIRECT_OBJC_ISA_USAGE = YES_ERROR;
				CLANG_WARN_DOCUMENTATION_COMMENTS = YES;
				CLANG_WARN_EMPTY_BODY = YES;
				CLANG_WARN_ENUM_CONVERSION = YES;
				CLANG_WARN_INFINITE_RECURSION = YES;
				CLANG_WARN_INT_CONVERSION = YES;
				CLANG_WARN_NON_LITERAL_NULL_CONVERSION = YES;
				CLANG_WARN_OBJC_IMPLICIT_RETAIN_SELF = YES;
				CLANG_WARN_OBJC_LITERAL_CONVERSION = YES;
				CLANG_WARN_OBJC_ROOT_CLASS = YES_ERROR;
				CLANG_WARN_QUOTED_INCLUDE_IN_FRAMEWORK_HEADER = YES;
				CLANG_WARN_RANGE_LOOP_ANALYSIS = YES;
				CLANG_WARN_STRICT_PROTOTYPES = YES;
				CLANG_WARN_SUSPICIOUS_MOVE = YES;
				CLANG_WARN_UNGUARDED_AVAILABILITY = YES_AGGRESSIVE;
				CLANG_WARN_UNREACHABLE_CODE = YES;
				CLANG_WARN__DUPLICATE_METHOD_MATCH = YES;
				COPY_PHASE_STRIP = NO;
				DEBUG_INFORMATION_FORMAT = "dwarf-with-dsym";
				ENABLE_NS_ASSERTIONS = NO;
				ENABLE_STRICT_OBJC_MSGSEND = YES;
				GCC_C_LANGUAGE_STANDARD = gnu11;
				GCC_NO_COMMON_BLOCKS = YES;
				GCC_WARN_64_TO_32_BIT_CONVERSION = YES;
				GCC_WARN_ABOUT_RETURN_TYPE = YES_ERROR;
				GCC_WARN_UNDECLARED_SELECTOR = YES;
				GCC_WARN_UNINITIALIZED_AUTOS = YES_AGGRESSIVE;
				GCC_WARN_UNUSED_FUNCTION = YES;
				GCC_WARN_UNUSED_VARIABLE = YES;
				IPHONEOS_DEPLOYMENT_TARGET = 16.0;
				MTL_ENABLE_DEBUG_INFO = NO;
				MTL_FAST_MATH = YES;
				SDKROOT = iphoneos;
				SWIFT_COMPILATION_MODE = wholemodule;
				SWIFT_OPTIMIZATION_LEVEL = "-O";
				VALIDATE_PRODUCT = YES;
			};
			name = Release;
		};
		FA6386F9299F9EE400A0A06F /* Debug */ = {
			isa = XCBuildConfiguration;
			buildSettings = {
				ASSETCATALOG_COMPILER_APPICON_NAME = AppIcon;
				ASSETCATALOG_COMPILER_GLOBAL_ACCENT_COLOR_NAME = AccentColor;
				CODE_SIGN_STYLE = Automatic;
				CURRENT_PROJECT_VERSION = 1;
				DEVELOPMENT_TEAM = AFAAV4M63Z;
				GENERATE_INFOPLIST_FILE = YES;
				INFOPLIST_FILE = ble_test_app/Support/Info.plist;
				INFOPLIST_KEY_UIApplicationSupportsIndirectInputEvents = YES;
				INFOPLIST_KEY_UILaunchStoryboardName = LaunchScreen;
				INFOPLIST_KEY_UISupportedInterfaceOrientations_iPad = "UIInterfaceOrientationPortrait UIInterfaceOrientationPortraitUpsideDown UIInterfaceOrientationLandscapeLeft UIInterfaceOrientationLandscapeRight";
				INFOPLIST_KEY_UISupportedInterfaceOrientations_iPhone = "UIInterfaceOrientationPortrait UIInterfaceOrientationLandscapeLeft UIInterfaceOrientationLandscapeRight";
				IPHONEOS_DEPLOYMENT_TARGET = 14.0;
				LD_RUNPATH_SEARCH_PATHS = (
					"$(inherited)",
					"@executable_path/Frameworks",
				);
				MARKETING_VERSION = 1.0;
				PRODUCT_BUNDLE_IDENTIFIER = "namerei.ble-test-app";
				PRODUCT_NAME = "$(TARGET_NAME)";
				SWIFT_EMIT_LOC_STRINGS = YES;
				SWIFT_VERSION = 5.0;
				TARGETED_DEVICE_FAMILY = "1,2";
			};
			name = Debug;
		};
		FA6386FA299F9EE400A0A06F /* Release */ = {
			isa = XCBuildConfiguration;
			buildSettings = {
				ASSETCATALOG_COMPILER_APPICON_NAME = AppIcon;
				ASSETCATALOG_COMPILER_GLOBAL_ACCENT_COLOR_NAME = AccentColor;
				CODE_SIGN_STYLE = Automatic;
				CURRENT_PROJECT_VERSION = 1;
				DEVELOPMENT_TEAM = AFAAV4M63Z;
				GENERATE_INFOPLIST_FILE = YES;
				INFOPLIST_FILE = ble_test_app/Support/Info.plist;
				INFOPLIST_KEY_UIApplicationSupportsIndirectInputEvents = YES;
				INFOPLIST_KEY_UILaunchStoryboardName = LaunchScreen;
				INFOPLIST_KEY_UISupportedInterfaceOrientations_iPad = "UIInterfaceOrientationPortrait UIInterfaceOrientationPortraitUpsideDown UIInterfaceOrientationLandscapeLeft UIInterfaceOrientationLandscapeRight";
				INFOPLIST_KEY_UISupportedInterfaceOrientations_iPhone = "UIInterfaceOrientationPortrait UIInterfaceOrientationLandscapeLeft UIInterfaceOrientationLandscapeRight";
				IPHONEOS_DEPLOYMENT_TARGET = 14.0;
				LD_RUNPATH_SEARCH_PATHS = (
					"$(inherited)",
					"@executable_path/Frameworks",
				);
				MARKETING_VERSION = 1.0;
				PRODUCT_BUNDLE_IDENTIFIER = "namerei.ble-test-app";
				PRODUCT_NAME = "$(TARGET_NAME)";
				SWIFT_EMIT_LOC_STRINGS = YES;
				SWIFT_VERSION = 5.0;
				TARGETED_DEVICE_FAMILY = "1,2";
			};
			name = Release;
		};
/* End XCBuildConfiguration section */

/* Begin XCConfigurationList section */
		FA6386DF299F9EE200A0A06F /* Build configuration list for PBXProject "ble_test_app" */ = {
			isa = XCConfigurationList;
			buildConfigurations = (
				FA6386F6299F9EE400A0A06F /* Debug */,
				FA6386F7299F9EE400A0A06F /* Release */,
			);
			defaultConfigurationIsVisible = 0;
			defaultConfigurationName = Release;
		};
		FA6386F8299F9EE400A0A06F /* Build configuration list for PBXNativeTarget "ble_test_app" */ = {
			isa = XCConfigurationList;
			buildConfigurations = (
				FA6386F9299F9EE400A0A06F /* Debug */,
				FA6386FA299F9EE400A0A06F /* Release */,
			);
			defaultConfigurationIsVisible = 0;
			defaultConfigurationName = Release;
		};
/* End XCConfigurationList section */
	};
	rootObject = FA6386DC299F9EE200A0A06F /* Project object */;
}
